
Microsoft Visual Studio Solution File, Format Version 12.00
# Visual Studio 14
VisualStudioVersion = 14.0.25123.0
MinimumVisualStudioVersion = 10.0.40219.1
Project("{FAE04EC0-301F-11D3-BF4B-00C04F79EFBC}") = "Datos", "Datos\Datos.csproj", "{983AF980-18B1-4F53-8A6C-0730FF7EEE3D}"
EndProject
Project("{FAE04EC0-301F-11D3-BF4B-00C04F79EFBC}") = "Entidad", "Entidad\Entidad.csproj", "{C68AE1ED-18CE-4A06-8C75-5C22ACDEE035}"
EndProject
Project("{FAE04EC0-301F-11D3-BF4B-00C04F79EFBC}") = "Negocio", "Negocio\Negocio.csproj", "{C192C822-9382-4158-9881-01A3338E72A2}"
EndProject
Project("{FAE04EC0-301F-11D3-BF4B-00C04F79EFBC}") = "Presentacion", "Presentacion\Presentacion.csproj", "{5FCDE853-0ACE-4E06-93CE-595AC195BF34}"
EndProject
Global
	GlobalSection(SolutionConfigurationPlatforms) = preSolution
		Debug|Any CPU = Debug|Any CPU
		Release|Any CPU = Release|Any CPU
	EndGlobalSection
	GlobalSection(ProjectConfigurationPlatforms) = postSolution
		{983AF980-18B1-4F53-8A6C-0730FF7EEE3D}.Debug|Any CPU.ActiveCfg = Debug|Any CPU
		{983AF980-18B1-4F53-8A6C-0730FF7EEE3D}.Debug|Any CPU.Build.0 = Debug|Any CPU
		{983AF980-18B1-4F53-8A6C-0730FF7EEE3D}.Release|Any CPU.ActiveCfg = Release|Any CPU
		{983AF980-18B1-4F53-8A6C-0730FF7EEE3D}.Release|Any CPU.Build.0 = Release|Any CPU
		{C68AE1ED-18CE-4A06-8C75-5C22ACDEE035}.Debug|Any CPU.ActiveCfg = Debug|Any CPU
		{C68AE1ED-18CE-4A06-8C75-5C22ACDEE035}.Debug|Any CPU.Build.0 = Debug|Any CPU
		{C68AE1ED-18CE-4A06-8C75-5C22ACDEE035}.Release|Any CPU.ActiveCfg = Release|Any CPU
		{C68AE1ED-18CE-4A06-8C75-5C22ACDEE035}.Release|Any CPU.Build.0 = Release|Any CPU
		{C192C822-9382-4158-9881-01A3338E72A2}.Debug|Any CPU.ActiveCfg = Debug|Any CPU
		{C192C822-9382-4158-9881-01A3338E72A2}.Debug|Any CPU.Build.0 = Debug|Any CPU
		{C192C822-9382-4158-9881-01A3338E72A2}.Release|Any CPU.ActiveCfg = Release|Any CPU
		{C192C822-9382-4158-9881-01A3338E72A2}.Release|Any CPU.Build.0 = Release|Any CPU
		{5FCDE853-0ACE-4E06-93CE-595AC195BF34}.Debug|Any CPU.ActiveCfg = Debug|Any CPU
		{5FCDE853-0ACE-4E06-93CE-595AC195BF34}.Debug|Any CPU.Build.0 = Debug|Any CPU
		{5FCDE853-0ACE-4E06-93CE-595AC195BF34}.Release|Any CPU.ActiveCfg = Release|Any CPU
		{5FCDE853-0ACE-4E06-93CE-595AC195BF34}.Release|Any CPU.Build.0 = Release|Any CPU
	EndGlobalSection
	GlobalSection(SolutionProperties) = preSolution
		HideSolutionNode = FALSE
	EndGlobalSection
EndGlobal
